
Microsoft Visual Studio Solution File, Format Version 12.00
# Visual Studio Version 17
VisualStudioVersion = 17.8.34309.116
MinimumVisualStudioVersion = 10.0.40219.1
Project("{9A19103F-16F7-4668-BE54-9A1E7A4F7556}") = "MongoDb_project", "MongoDb_project\MongoDb_project.csproj", "{C4788A61-0146-46EC-8D3B-BDAEF20A7461}"
EndProject
Project("{FAE04EC0-301F-11D3-BF4B-00C04F79EFBC}") = "MongoDbApi_project", "MongoDbApi_project\MongoDbApi_project.csproj", "{821145B7-D90E-4385-AF7C-648020CEC590}"
EndProject
Global
	GlobalSection(SolutionConfigurationPlatforms) = preSolution
		Debug|Any CPU = Debug|Any CPU
		Release|Any CPU = Release|Any CPU
	EndGlobalSection
	GlobalSection(ProjectConfigurationPlatforms) = postSolution
		{C4788A61-0146-46EC-8D3B-BDAEF20A7461}.Debug|Any CPU.ActiveCfg = Debug|Any CPU
		{C4788A61-0146-46EC-8D3B-BDAEF20A7461}.Debug|Any CPU.Build.0 = Debug|Any CPU
		{C4788A61-0146-46EC-8D3B-BDAEF20A7461}.Release|Any CPU.ActiveCfg = Release|Any CPU
		{C4788A61-0146-46EC-8D3B-BDAEF20A7461}.Release|Any CPU.Build.0 = Release|Any CPU
		{821145B7-D90E-4385-AF7C-648020CEC590}.Debug|Any CPU.ActiveCfg = Debug|Any CPU
		{821145B7-D90E-4385-AF7C-648020CEC590}.Debug|Any CPU.Build.0 = Debug|Any CPU
		{821145B7-D90E-4385-AF7C-648020CEC590}.Release|Any CPU.ActiveCfg = Release|Any CPU
		{821145B7-D90E-4385-AF7C-648020CEC590}.Release|Any CPU.Build.0 = Release|Any CPU
	EndGlobalSection
	GlobalSection(SolutionProperties) = preSolution
		HideSolutionNode = FALSE
	EndGlobalSection
	GlobalSection(ExtensibilityGlobals) = postSolution
		SolutionGuid = {0718D081-BA11-44EA-AA5B-8A0C5AA2CAEB}
	EndGlobalSection
EndGlobal
